
Microsoft Visual Studio Solution File, Format Version 12.00
# Visual Studio Version 16
VisualStudioVersion = 16.0.29728.190
MinimumVisualStudioVersion = 10.0.40219.1
Project("{888888A0-9F3D-457C-B088-3A5042F75D52}") = "HelloWorldGit", "HelloWorldGit.pyproj", "{5BCC688D-92F7-4880-B413-E38847A578A1}"
EndProject
Project("{00D1A9C2-B5F0-4AF3-8072-F6C62B433612}") = "dbProj", "..\dbProj\dbProj.sqlproj", "{45340105-449C-4005-AC0A-211514A3F614}"
EndProject
Global
	GlobalSection(SolutionConfigurationPlatforms) = preSolution
		Debug|Any CPU = Debug|Any CPU
		Release|Any CPU = Release|Any CPU
	EndGlobalSection
	GlobalSection(ProjectConfigurationPlatforms) = postSolution
		{5BCC688D-92F7-4880-B413-E38847A578A1}.Debug|Any CPU.ActiveCfg = Debug|Any CPU
		{5BCC688D-92F7-4880-B413-E38847A578A1}.Release|Any CPU.ActiveCfg = Release|Any CPU
		{45340105-449C-4005-AC0A-211514A3F614}.Debug|Any CPU.ActiveCfg = Debug|Any CPU
		{45340105-449C-4005-AC0A-211514A3F614}.Debug|Any CPU.Build.0 = Debug|Any CPU
		{45340105-449C-4005-AC0A-211514A3F614}.Debug|Any CPU.Deploy.0 = Debug|Any CPU
		{45340105-449C-4005-AC0A-211514A3F614}.Release|Any CPU.ActiveCfg = Release|Any CPU
		{45340105-449C-4005-AC0A-211514A3F614}.Release|Any CPU.Build.0 = Release|Any CPU
		{45340105-449C-4005-AC0A-211514A3F614}.Release|Any CPU.Deploy.0 = Release|Any CPU
	EndGlobalSection
	GlobalSection(SolutionProperties) = preSolution
		HideSolutionNode = FALSE
	EndGlobalSection
	GlobalSection(ExtensibilityGlobals) = postSolution
		SolutionGuid = {7BF6055B-CEF9-4565-AED8-5052B41FBF63}
	EndGlobalSection
EndGlobal
